
Microsoft Visual Studio Solution File, Format Version 12.00
# Visual Studio Version 16
VisualStudioVersion = 16.0.29519.181
MinimumVisualStudioVersion = 10.0.40219.1
Project("{FAE04EC0-301F-11D3-BF4B-00C04F79EFBC}") = "poll_api", "poll_api\poll_api.csproj", "{86B1C3FB-452D-474F-A69E-E12D0C794123}"
EndProject
Global
	GlobalSection(SolutionConfigurationPlatforms) = preSolution
		Debug|Any CPU = Debug|Any CPU
		Release|Any CPU = Release|Any CPU
	EndGlobalSection
	GlobalSection(ProjectConfigurationPlatforms) = postSolution
		{86B1C3FB-452D-474F-A69E-E12D0C794123}.Debug|Any CPU.ActiveCfg = Debug|Any CPU
		{86B1C3FB-452D-474F-A69E-E12D0C794123}.Debug|Any CPU.Build.0 = Debug|Any CPU
		{86B1C3FB-452D-474F-A69E-E12D0C794123}.Release|Any CPU.ActiveCfg = Release|Any CPU
		{86B1C3FB-452D-474F-A69E-E12D0C794123}.Release|Any CPU.Build.0 = Release|Any CPU
	EndGlobalSection
	GlobalSection(SolutionProperties) = preSolution
		HideSolutionNode = FALSE
	EndGlobalSection
	GlobalSection(ExtensibilityGlobals) = postSolution
		SolutionGuid = {BC62881B-EAD0-486D-BCE2-7EBA4610B426}
	EndGlobalSection
EndGlobal
